
Microsoft Visual Studio Solution File, Format Version 12.00
# Visual Studio 2015
Project("{FAE04EC0-301F-11D3-BF4B-00C04F79EFBC}") = "Yggdrasil Battle Scene", "Yggdrasil Battle Scene.csproj", "{A3136F92-ECBC-966C-2F70-930D14DE9DEA}"
EndProject
Project("{FAE04EC0-301F-11D3-BF4B-00C04F79EFBC}") = "Yggdrasil Battle Scene.Editor", "Yggdrasil Battle Scene.Editor.csproj", "{3EDBD128-8224-52EB-E64F-BBB95DECE95D}"
EndProject
Global
	GlobalSection(SolutionConfigurationPlatforms) = preSolution
		Debug|Any CPU = Debug|Any CPU
		Release|Any CPU = Release|Any CPU
	EndGlobalSection
	GlobalSection(ProjectConfigurationPlatforms) = postSolution
		{A3136F92-ECBC-966C-2F70-930D14DE9DEA}.Debug|Any CPU.ActiveCfg = Debug|Any CPU
		{A3136F92-ECBC-966C-2F70-930D14DE9DEA}.Debug|Any CPU.Build.0 = Debug|Any CPU
		{A3136F92-ECBC-966C-2F70-930D14DE9DEA}.Release|Any CPU.ActiveCfg = Release|Any CPU
		{A3136F92-ECBC-966C-2F70-930D14DE9DEA}.Release|Any CPU.Build.0 = Release|Any CPU
		{3EDBD128-8224-52EB-E64F-BBB95DECE95D}.Debug|Any CPU.ActiveCfg = Debug|Any CPU
		{3EDBD128-8224-52EB-E64F-BBB95DECE95D}.Debug|Any CPU.Build.0 = Debug|Any CPU
		{3EDBD128-8224-52EB-E64F-BBB95DECE95D}.Release|Any CPU.ActiveCfg = Release|Any CPU
		{3EDBD128-8224-52EB-E64F-BBB95DECE95D}.Release|Any CPU.Build.0 = Release|Any CPU
	EndGlobalSection
	GlobalSection(SolutionProperties) = preSolution
		HideSolutionNode = FALSE
	EndGlobalSection
EndGlobal
